// !$*UTF8*$!
{
	archiveVersion = 1;
	classes = {
	};
	objectVersion = 50;
	objects = {

/* Begin PBXBuildFile section */
		2089993222B2442700504BFE /* AppDelegate.swift in Sources */ = {isa = PBXBuildFile; fileRef = 2089993122B2442700504BFE /* AppDelegate.swift */; };
		2089993422B2442700504BFE /* SceneDelegate.swift in Sources */ = {isa = PBXBuildFile; fileRef = 2089993322B2442700504BFE /* SceneDelegate.swift */; };
		2089993622B2442700504BFE /* ContentView.swift in Sources */ = {isa = PBXBuildFile; fileRef = 2089993522B2442700504BFE /* ContentView.swift */; };
		2089993822B2442800504BFE /* Assets.xcassets in Resources */ = {isa = PBXBuildFile; fileRef = 2089993722B2442800504BFE /* Assets.xcassets */; };
		2089993B22B2442800504BFE /* Preview Assets.xcassets in Resources */ = {isa = PBXBuildFile; fileRef = 2089993A22B2442800504BFE /* Preview Assets.xcassets */; };
		2089993E22B2442800504BFE /* LaunchScreen.storyboard in Resources */ = {isa = PBXBuildFile; fileRef = 2089993C22B2442800504BFE /* LaunchScreen.storyboard */; };
		2089994822B244F200504BFE /* TextView.swift in Sources */ = {isa = PBXBuildFile; fileRef = 2089994722B244F200504BFE /* TextView.swift */; };
		2089994A22B2451600504BFE /* ImageView.swift in Sources */ = {isa = PBXBuildFile; fileRef = 2089994922B2451600504BFE /* ImageView.swift */; };
		208B5B5A22B3465100424DA3 /* LongPressGestureView.swift in Sources */ = {isa = PBXBuildFile; fileRef = 208B5B5922B3465100424DA3 /* LongPressGestureView.swift */; };
		2096E54322B365040016F3E6 /* Animations.swift in Sources */ = {isa = PBXBuildFile; fileRef = 2096E54222B365040016F3E6 /* Animations.swift */; };
		2096E54522B365940016F3E6 /* ScaleAnimation.swift in Sources */ = {isa = PBXBuildFile; fileRef = 2096E54422B365940016F3E6 /* ScaleAnimation.swift */; };
		2096E54722B3670E0016F3E6 /* RotateAnimation.swift in Sources */ = {isa = PBXBuildFile; fileRef = 2096E54622B3670E0016F3E6 /* RotateAnimation.swift */; };
		2096E54A22B368560016F3E6 /* OffsetAnimation.swift in Sources */ = {isa = PBXBuildFile; fileRef = 2096E54922B368560016F3E6 /* OffsetAnimation.swift */; };
		2096E54C22B369CA0016F3E6 /* Gradients.swift in Sources */ = {isa = PBXBuildFile; fileRef = 2096E54B22B369CA0016F3E6 /* Gradients.swift */; };
		2096E54E22B36A030016F3E6 /* LinearGradientView.swift in Sources */ = {isa = PBXBuildFile; fileRef = 2096E54D22B36A030016F3E6 /* LinearGradientView.swift */; };
		2096E55022B36AD20016F3E6 /* AngularGradientView.swift in Sources */ = {isa = PBXBuildFile; fileRef = 2096E54F22B36AD20016F3E6 /* AngularGradientView.swift */; };
		2096E55222B36B620016F3E6 /* RadialGradientView.swift in Sources */ = {isa = PBXBuildFile; fileRef = 2096E55122B36B620016F3E6 /* RadialGradientView.swift */; };
		20BE320822B25B6000828F68 /* ShapesView.swift in Sources */ = {isa = PBXBuildFile; fileRef = 20BE320722B25B6000828F68 /* ShapesView.swift */; };
		20BE320E22B260FC00828F68 /* ToggleInput.swift in Sources */ = {isa = PBXBuildFile; fileRef = 20BE320D22B260FC00828F68 /* ToggleInput.swift */; };
		20BE321022B262DC00828F68 /* ButtonInput.swift in Sources */ = {isa = PBXBuildFile; fileRef = 20BE320F22B262DC00828F68 /* ButtonInput.swift */; };
		20BE321222B267EA00828F68 /* TextFieldInput.swift in Sources */ = {isa = PBXBuildFile; fileRef = 20BE321122B267EA00828F68 /* TextFieldInput.swift */; };
		20BE321622B269ED00828F68 /* SecureFieldInput.swift in Sources */ = {isa = PBXBuildFile; fileRef = 20BE321522B269ED00828F68 /* SecureFieldInput.swift */; };
		20BE321822B26A5300828F68 /* SliderInput.swift in Sources */ = {isa = PBXBuildFile; fileRef = 20BE321722B26A5300828F68 /* SliderInput.swift */; };
		20BE321A22B26B4600828F68 /* SegmentedControlInput.swift in Sources */ = {isa = PBXBuildFile; fileRef = 20BE321922B26B4600828F68 /* SegmentedControlInput.swift */; };
		20BE321C22B26E6500828F68 /* DatePickerInput.swift in Sources */ = {isa = PBXBuildFile; fileRef = 20BE321B22B26E6500828F68 /* DatePickerInput.swift */; };
		20BE321E22B2701400828F68 /* Views.swift in Sources */ = {isa = PBXBuildFile; fileRef = 20BE321D22B2701400828F68 /* Views.swift */; };
		20BE322022B2706500828F68 /* Inputs.swift in Sources */ = {isa = PBXBuildFile; fileRef = 20BE321F22B2706500828F68 /* Inputs.swift */; };
		20BE322222B270E300828F68 /* Gestures.swift in Sources */ = {isa = PBXBuildFile; fileRef = 20BE322122B270E300828F68 /* Gestures.swift */; };
		20BE322422B2713C00828F68 /* TapGestureView.swift in Sources */ = {isa = PBXBuildFile; fileRef = 20BE322322B2713C00828F68 /* TapGestureView.swift */; };
		20BE322622B272C700828F68 /* DragGestureView.swift in Sources */ = {isa = PBXBuildFile; fileRef = 20BE322522B272C700828F68 /* DragGestureView.swift */; };
		20D1CEDD22B35DC60044EDFF /* HStackView.swift in Sources */ = {isa = PBXBuildFile; fileRef = 20D1CEDC22B35DC60044EDFF /* HStackView.swift */; };
		20D1CEDF22B35EF50044EDFF /* ZStackView.swift in Sources */ = {isa = PBXBuildFile; fileRef = 20D1CEDE22B35EF50044EDFF /* ZStackView.swift */; };
		20D1CEE222B360660044EDFF /* ListView.swift in Sources */ = {isa = PBXBuildFile; fileRef = 20D1CEE122B360660044EDFF /* ListView.swift */; };
		20D3023E22B5350E005E268F /* AlertsView.swift in Sources */ = {isa = PBXBuildFile; fileRef = 20D3023D22B5350E005E268F /* AlertsView.swift */; };
		20DCC47222B34D8C001A516F /* Layouts.swift in Sources */ = {isa = PBXBuildFile; fileRef = 20DCC47122B34D8C001A516F /* Layouts.swift */; };
		20DCC47422B34E16001A516F /* VStackView.swift in Sources */ = {isa = PBXBuildFile; fileRef = 20DCC47322B34E16001A516F /* VStackView.swift */; };
/* End PBXBuildFile section */

/* Begin PBXFileReference section */
		2089992E22B2442700504BFE /* SwiftUIExample.app */ = {isa = PBXFileReference; explicitFileType = wrapper.application; includeInIndex = 0; path = SwiftUIExample.app; sourceTree = BUILT_PRODUCTS_DIR; };
		2089993122B2442700504BFE /* AppDelegate.swift */ = {isa = PBXFileReference; lastKnownFileType = sourcecode.swift; path = AppDelegate.swift; sourceTree = "<group>"; };
		2089993322B2442700504BFE /* SceneDelegate.swift */ = {isa = PBXFileReference; lastKnownFileType = sourcecode.swift; path = SceneDelegate.swift; sourceTree = "<group>"; };
		2089993522B2442700504BFE /* ContentView.swift */ = {isa = PBXFileReference; lastKnownFileType = sourcecode.swift; path = ContentView.swift; sourceTree = "<group>"; };
		2089993722B2442800504BFE /* Assets.xcassets */ = {isa = PBXFileReference; lastKnownFileType = folder.assetcatalog; path = Assets.xcassets; sourceTree = "<group>"; };
		2089993A22B2442800504BFE /* Preview Assets.xcassets */ = {isa = PBXFileReference; lastKnownFileType = folder.assetcatalog; path = "Preview Assets.xcassets"; sourceTree = "<group>"; };
		2089993D22B2442800504BFE /* Base */ = {isa = PBXFileReference; lastKnownFileType = file.storyboard; name = Base; path = Base.lproj/LaunchScreen.storyboard; sourceTree = "<group>"; };
		2089993F22B2442800504BFE /* Info.plist */ = {isa = PBXFileReference; lastKnownFileType = text.plist.xml; path = Info.plist; sourceTree = "<group>"; };
		2089994722B244F200504BFE /* TextView.swift */ = {isa = PBXFileReference; lastKnownFileType = sourcecode.swift; path = TextView.swift; sourceTree = "<group>"; };
		2089994922B2451600504BFE /* ImageView.swift */ = {isa = PBXFileReference; lastKnownFileType = sourcecode.swift; path = ImageView.swift; sourceTree = "<group>"; };
		208B5B5922B3465100424DA3 /* LongPressGestureView.swift */ = {isa = PBXFileReference; lastKnownFileType = sourcecode.swift; path = LongPressGestureView.swift; sourceTree = "<group>"; };
		2096E54222B365040016F3E6 /* Animations.swift */ = {isa = PBXFileReference; lastKnownFileType = sourcecode.swift; path = Animations.swift; sourceTree = "<group>"; };
		2096E54422B365940016F3E6 /* ScaleAnimation.swift */ = {isa = PBXFileReference; lastKnownFileType = sourcecode.swift; path = ScaleAnimation.swift; sourceTree = "<group>"; };
		2096E54622B3670E0016F3E6 /* RotateAnimation.swift */ = {isa = PBXFileReference; lastKnownFileType = sourcecode.swift; path = RotateAnimation.swift; sourceTree = "<group>"; };
		2096E54922B368560016F3E6 /* OffsetAnimation.swift */ = {isa = PBXFileReference; lastKnownFileType = sourcecode.swift; path = OffsetAnimation.swift; sourceTree = "<group>"; };
		2096E54B22B369CA0016F3E6 /* Gradients.swift */ = {isa = PBXFileReference; lastKnownFileType = sourcecode.swift; path = Gradients.swift; sourceTree = "<group>"; };
		2096E54D22B36A030016F3E6 /* LinearGradientView.swift */ = {isa = PBXFileReference; lastKnownFileType = sourcecode.swift; path = LinearGradientView.swift; sourceTree = "<group>"; };
		2096E54F22B36AD20016F3E6 /* AngularGradientView.swift */ = {isa = PBXFileReference; lastKnownFileType = sourcecode.swift; path = AngularGradientView.swift; sourceTree = "<group>"; };
		2096E55122B36B620016F3E6 /* RadialGradientView.swift */ = {isa = PBXFileReference; lastKnownFileType = sourcecode.swift; path = RadialGradientView.swift; sourceTree = "<group>"; };
		20BE320722B25B6000828F68 /* ShapesView.swift */ = {isa = PBXFileReference; lastKnownFileType = sourcecode.swift; path = ShapesView.swift; sourceTree = "<group>"; };
		20BE320D22B260FC00828F68 /* ToggleInput.swift */ = {isa = PBXFileReference; lastKnownFileType = sourcecode.swift; path = ToggleInput.swift; sourceTree = "<group>"; };
		20BE320F22B262DC00828F68 /* ButtonInput.swift */ = {isa = PBXFileReference; lastKnownFileType = sourcecode.swift; path = ButtonInput.swift; sourceTree = "<group>"; };
		20BE321122B267EA00828F68 /* TextFieldInput.swift */ = {isa = PBXFileReference; lastKnownFileType = sourcecode.swift; path = TextFieldInput.swift; sourceTree = "<group>"; };
		20BE321522B269ED00828F68 /* SecureFieldInput.swift */ = {isa = PBXFileReference; lastKnownFileType = sourcecode.swift; path = SecureFieldInput.swift; sourceTree = "<group>"; };
		20BE321722B26A5300828F68 /* SliderInput.swift */ = {isa = PBXFileReference; lastKnownFileType = sourcecode.swift; path = SliderInput.swift; sourceTree = "<group>"; };
		20BE321922B26B4600828F68 /* SegmentedControlInput.swift */ = {isa = PBXFileReference; lastKnownFileType = sourcecode.swift; path = SegmentedControlInput.swift; sourceTree = "<group>"; };
		20BE321B22B26E6500828F68 /* DatePickerInput.swift */ = {isa = PBXFileReference; lastKnownFileType = sourcecode.swift; path = DatePickerInput.swift; sourceTree = "<group>"; };
		20BE321D22B2701400828F68 /* Views.swift */ = {isa = PBXFileReference; lastKnownFileType = sourcecode.swift; path = Views.swift; sourceTree = "<group>"; };
		20BE321F22B2706500828F68 /* Inputs.swift */ = {isa = PBXFileReference; lastKnownFileType = sourcecode.swift; path = Inputs.swift; sourceTree = "<group>"; };
		20BE322122B270E300828F68 /* Gestures.swift */ = {isa = PBXFileReference; lastKnownFileType = sourcecode.swift; path = Gestures.swift; sourceTree = "<group>"; };
		20BE322322B2713C00828F68 /* TapGestureView.swift */ = {isa = PBXFileReference; lastKnownFileType = sourcecode.swift; path = TapGestureView.swift; sourceTree = "<group>"; };
		20BE322522B272C700828F68 /* DragGestureView.swift */ = {isa = PBXFileReference; lastKnownFileType = sourcecode.swift; path = DragGestureView.swift; sourceTree = "<group>"; };
		20D1CEDC22B35DC60044EDFF /* HStackView.swift */ = {isa = PBXFileReference; lastKnownFileType = sourcecode.swift; path = HStackView.swift; sourceTree = "<group>"; };
		20D1CEDE22B35EF50044EDFF /* ZStackView.swift */ = {isa = PBXFileReference; lastKnownFileType = sourcecode.swift; path = ZStackView.swift; sourceTree = "<group>"; };
		20D1CEE122B360660044EDFF /* ListView.swift */ = {isa = PBXFileReference; lastKnownFileType = sourcecode.swift; path = ListView.swift; sourceTree = "<group>"; };
		20D3023D22B5350E005E268F /* AlertsView.swift */ = {isa = PBXFileReference; lastKnownFileType = sourcecode.swift; path = AlertsView.swift; sourceTree = "<group>"; };
		20DCC47122B34D8C001A516F /* Layouts.swift */ = {isa = PBXFileReference; lastKnownFileType = sourcecode.swift; path = Layouts.swift; sourceTree = "<group>"; };
		20DCC47322B34E16001A516F /* VStackView.swift */ = {isa = PBXFileReference; lastKnownFileType = sourcecode.swift; path = VStackView.swift; sourceTree = "<group>"; };
/* End PBXFileReference section */

/* Begin PBXFrameworksBuildPhase section */
		2089992B22B2442700504BFE /* Frameworks */ = {
			isa = PBXFrameworksBuildPhase;
			buildActionMask = 2147483647;
			files = (
			);
			runOnlyForDeploymentPostprocessing = 0;
		};
/* End PBXFrameworksBuildPhase section */

/* Begin PBXGroup section */
		2089992522B2442600504BFE = {
			isa = PBXGroup;
			children = (
				2089993022B2442700504BFE /* SwiftUIExample */,
				2089992F22B2442700504BFE /* Products */,
			);
			sourceTree = "<group>";
		};
		2089992F22B2442700504BFE /* Products */ = {
			isa = PBXGroup;
			children = (
				2089992E22B2442700504BFE /* SwiftUIExample.app */,
			);
			name = Products;
			sourceTree = "<group>";
		};
		2089993022B2442700504BFE /* SwiftUIExample */ = {
			isa = PBXGroup;
			children = (
				2089993122B2442700504BFE /* AppDelegate.swift */,
				2089993322B2442700504BFE /* SceneDelegate.swift */,
				2089993522B2442700504BFE /* ContentView.swift */,
				20DCC47122B34D8C001A516F /* Layouts.swift */,
				20BE321D22B2701400828F68 /* Views.swift */,
				20BE321F22B2706500828F68 /* Inputs.swift */,
				20D3023D22B5350E005E268F /* AlertsView.swift */,
				2096E54222B365040016F3E6 /* Animations.swift */,
				20BE322122B270E300828F68 /* Gestures.swift */,
				2096E54B22B369CA0016F3E6 /* Gradients.swift */,
				20D1CEE022B360550044EDFF /* Layouts */,
				20BE321322B2692D00828F68 /* Views */,
				20BE321422B2699900828F68 /* Inputs */,
				2096E54822B367F10016F3E6 /* Animations */,
				20BE322722B2770A00828F68 /* Gestures */,
				2096E55322B36C5A0016F3E6 /* Gradients */,
				2089993722B2442800504BFE /* Assets.xcassets */,
				2089993C22B2442800504BFE /* LaunchScreen.storyboard */,
				2089993F22B2442800504BFE /* Info.plist */,
				2089993922B2442800504BFE /* Preview Content */,
			);
			path = SwiftUIExample;
			sourceTree = "<group>";
		};
		2089993922B2442800504BFE /* Preview Content */ = {
			isa = PBXGroup;
			children = (
				2089993A22B2442800504BFE /* Preview Assets.xcassets */,
			);
			path = "Preview Content";
			sourceTree = "<group>";
		};
		2096E54822B367F10016F3E6 /* Animations */ = {
			isa = PBXGroup;
			children = (
				2096E54422B365940016F3E6 /* ScaleAnimation.swift */,
				2096E54622B3670E0016F3E6 /* RotateAnimation.swift */,
				2096E54922B368560016F3E6 /* OffsetAnimation.swift */,
			);
			path = Animations;
			sourceTree = "<group>";
		};
		2096E55322B36C5A0016F3E6 /* Gradients */ = {
			isa = PBXGroup;
			children = (
				2096E54D22B36A030016F3E6 /* LinearGradientView.swift */,
				2096E54F22B36AD20016F3E6 /* AngularGradientView.swift */,
				2096E55122B36B620016F3E6 /* RadialGradientView.swift */,
			);
			path = Gradients;
			sourceTree = "<group>";
		};
		20BE321322B2692D00828F68 /* Views */ = {
			isa = PBXGroup;
			children = (
				2089994722B244F200504BFE /* TextView.swift */,
				2089994922B2451600504BFE /* ImageView.swift */,
				20BE320722B25B6000828F68 /* ShapesView.swift */,
			);
			path = Views;
			sourceTree = "<group>";
		};
		20BE321422B2699900828F68 /* Inputs */ = {
			isa = PBXGroup;
			children = (
				20BE320D22B260FC00828F68 /* ToggleInput.swift */,
				20BE320F22B262DC00828F68 /* ButtonInput.swift */,
				20BE321122B267EA00828F68 /* TextFieldInput.swift */,
				20BE321522B269ED00828F68 /* SecureFieldInput.swift */,
				20BE321722B26A5300828F68 /* SliderInput.swift */,
				20BE321922B26B4600828F68 /* SegmentedControlInput.swift */,
				20BE321B22B26E6500828F68 /* DatePickerInput.swift */,
			);
			path = Inputs;
			sourceTree = "<group>";
		};
		20BE322722B2770A00828F68 /* Gestures */ = {
			isa = PBXGroup;
			children = (
				20BE322322B2713C00828F68 /* TapGestureView.swift */,
				20BE322522B272C700828F68 /* DragGestureView.swift */,
				208B5B5922B3465100424DA3 /* LongPressGestureView.swift */,
			);
			path = Gestures;
			sourceTree = "<group>";
		};
		20D1CEE022B360550044EDFF /* Layouts */ = {
			isa = PBXGroup;
			children = (
				20DCC47322B34E16001A516F /* VStackView.swift */,
				20D1CEDC22B35DC60044EDFF /* HStackView.swift */,
				20D1CEDE22B35EF50044EDFF /* ZStackView.swift */,
				20D1CEE122B360660044EDFF /* ListView.swift */,
			);
			path = Layouts;
			sourceTree = "<group>";
		};
/* End PBXGroup section */

/* Begin PBXNativeTarget section */
		2089992D22B2442700504BFE /* SwiftUIExample */ = {
			isa = PBXNativeTarget;
			buildConfigurationList = 2089994222B2442800504BFE /* Build configuration list for PBXNativeTarget "SwiftUIExample" */;
			buildPhases = (
				2089992A22B2442700504BFE /* Sources */,
				2089992B22B2442700504BFE /* Frameworks */,
				2089992C22B2442700504BFE /* Resources */,
			);
			buildRules = (
			);
			dependencies = (
			);
			name = SwiftUIExample;
			productName = SwiftUIExample;
			productReference = 2089992E22B2442700504BFE /* SwiftUIExample.app */;
			productType = "com.apple.product-type.application";
		};
/* End PBXNativeTarget section */

/* Begin PBXProject section */
		2089992622B2442600504BFE /* Project object */ = {
			isa = PBXProject;
			attributes = {
				LastSwiftUpdateCheck = 1100;
				LastUpgradeCheck = 1100;
				ORGANIZATIONNAME = "Rahul Sharma";
				TargetAttributes = {
					2089992D22B2442700504BFE = {
						CreatedOnToolsVersion = 11.0;
					};
				};
			};
			buildConfigurationList = 2089992922B2442600504BFE /* Build configuration list for PBXProject "SwiftUIExample" */;
			compatibilityVersion = "Xcode 9.3";
			developmentRegion = en;
			hasScannedForEncodings = 0;
			knownRegions = (
				en,
				Base,
			);
			mainGroup = 2089992522B2442600504BFE;
			productRefGroup = 2089992F22B2442700504BFE /* Products */;
			projectDirPath = "";
			projectRoot = "";
			targets = (
				2089992D22B2442700504BFE /* SwiftUIExample */,
			);
		};
/* End PBXProject section */

/* Begin PBXResourcesBuildPhase section */
		2089992C22B2442700504BFE /* Resources */ = {
			isa = PBXResourcesBuildPhase;
			buildActionMask = 2147483647;
			files = (
				2089993E22B2442800504BFE /* LaunchScreen.storyboard in Resources */,
				2089993B22B2442800504BFE /* Preview Assets.xcassets in Resources */,
				2089993822B2442800504BFE /* Assets.xcassets in Resources */,
			);
			runOnlyForDeploymentPostprocessing = 0;
		};
/* End PBXResourcesBuildPhase section */

/* Begin PBXSourcesBuildPhase section */
		2089992A22B2442700504BFE /* Sources */ = {
			isa = PBXSourcesBuildPhase;
			buildActionMask = 2147483647;
			files = (
				20BE321622B269ED00828F68 /* SecureFieldInput.swift in Sources */,
				208B5B5A22B3465100424DA3 /* LongPressGestureView.swift in Sources */,
				20BE320E22B260FC00828F68 /* ToggleInput.swift in Sources */,
				2096E54A22B368560016F3E6 /* OffsetAnimation.swift in Sources */,
				20DCC47422B34E16001A516F /* VStackView.swift in Sources */,
				2096E54E22B36A030016F3E6 /* LinearGradientView.swift in Sources */,
				2089994A22B2451600504BFE /* ImageView.swift in Sources */,
				2089993222B2442700504BFE /* AppDelegate.swift in Sources */,
				2096E54322B365040016F3E6 /* Animations.swift in Sources */,
				2096E55222B36B620016F3E6 /* RadialGradientView.swift in Sources */,
				2096E54C22B369CA0016F3E6 /* Gradients.swift in Sources */,
				20D3023E22B5350E005E268F /* AlertsView.swift in Sources */,
				20BE321A22B26B4600828F68 /* SegmentedControlInput.swift in Sources */,
				2089993422B2442700504BFE /* SceneDelegate.swift in Sources */,
				2089993622B2442700504BFE /* ContentView.swift in Sources */,
				20BE321222B267EA00828F68 /* TextFieldInput.swift in Sources */,
				2096E54522B365940016F3E6 /* ScaleAnimation.swift in Sources */,
				20D1CEDF22B35EF50044EDFF /* ZStackView.swift in Sources */,
				2089994822B244F200504BFE /* TextView.swift in Sources */,
				2096E55022B36AD20016F3E6 /* AngularGradientView.swift in Sources */,
				20BE320822B25B6000828F68 /* ShapesView.swift in Sources */,
				20D1CEDD22B35DC60044EDFF /* HStackView.swift in Sources */,
				20BE321E22B2701400828F68 /* Views.swift in Sources */,
				20BE322222B270E300828F68 /* Gestures.swift in Sources */,
				20BE322622B272C700828F68 /* DragGestureView.swift in Sources */,
				20D1CEE222B360660044EDFF /* ListView.swift in Sources */,
				20BE321022B262DC00828F68 /* ButtonInput.swift in Sources */,
				20BE321C22B26E6500828F68 /* DatePickerInput.swift in Sources */,
				20BE322422B2713C00828F68 /* TapGestureView.swift in Sources */,
				2096E54722B3670E0016F3E6 /* RotateAnimation.swift in Sources */,
				20DCC47222B34D8C001A516F /* Layouts.swift in Sources */,
				20BE321822B26A5300828F68 /* SliderInput.swift in Sources */,
				20BE322022B2706500828F68 /* Inputs.swift in Sources */,
			);
			runOnlyForDeploymentPostprocessing = 0;
		};
/* End PBXSourcesBuildPhase section */

/* Begin PBXVariantGroup section */
		2089993C22B2442800504BFE /* LaunchScreen.storyboard */ = {
			isa = PBXVariantGroup;
			children = (
				2089993D22B2442800504BFE /* Base */,
			);
			name = LaunchScreen.storyboard;
			sourceTree = "<group>";
		};
/* End PBXVariantGroup section */

/* Begin XCBuildConfiguration section */
		2089994022B2442800504BFE /* Debug */ = {
			isa = XCBuildConfiguration;
			buildSettings = {
				ALWAYS_SEARCH_USER_PATHS = NO;
				CLANG_ANALYZER_NONNULL = YES;
				CLANG_ANALYZER_NUMBER_OBJECT_CONVERSION = YES_AGGRESSIVE;
				CLANG_CXX_LANGUAGE_STANDARD = "gnu++14";
				CLANG_CXX_LIBRARY = "libc++";
				CLANG_ENABLE_MODULES = YES;
				CLANG_ENABLE_OBJC_ARC = YES;
				CLANG_ENABLE_OBJC_WEAK = YES;
				CLANG_WARN_BLOCK_CAPTURE_AUTORELEASING = YES;
				CLANG_WARN_BOOL_CONVERSION = YES;
				CLANG_WARN_COMMA = YES;
				CLANG_WARN_CONSTANT_CONVERSION = YES;
				CLANG_WARN_DEPRECATED_OBJC_IMPLEMENTATIONS = YES;
				CLANG_WARN_DIRECT_OBJC_ISA_USAGE = YES_ERROR;
				CLANG_WARN_DOCUMENTATION_COMMENTS = YES;
				CLANG_WARN_EMPTY_BODY = YES;
				CLANG_WARN_ENUM_CONVERSION = YES;
				CLANG_WARN_INFINITE_RECURSION = YES;
				CLANG_WARN_INT_CONVERSION = YES;
				CLANG_WARN_NON_LITERAL_NULL_CONVERSION = YES;
				CLANG_WARN_OBJC_IMPLICIT_RETAIN_SELF = YES;
				CLANG_WARN_OBJC_LITERAL_CONVERSION = YES;
				CLANG_WARN_OBJC_ROOT_CLASS = YES_ERROR;
				CLANG_WARN_RANGE_LOOP_ANALYSIS = YES;
				CLANG_WARN_STRICT_PROTOTYPES = YES;
				CLANG_WARN_SUSPICIOUS_MOVE = YES;
				CLANG_WARN_UNGUARDED_AVAILABILITY = YES_AGGRESSIVE;
				CLANG_WARN_UNREACHABLE_CODE = YES;
				CLANG_WARN__DUPLICATE_METHOD_MATCH = YES;
				COPY_PHASE_STRIP = NO;
				DEBUG_INFORMATION_FORMAT = dwarf;
				ENABLE_STRICT_OBJC_MSGSEND = YES;
				ENABLE_TESTABILITY = YES;
				GCC_C_LANGUAGE_STANDARD = gnu11;
				GCC_DYNAMIC_NO_PIC = NO;
				GCC_NO_COMMON_BLOCKS = YES;
				GCC_OPTIMIZATION_LEVEL = 0;
				GCC_PREPROCESSOR_DEFINITIONS = (
					"DEBUG=1",
					"$(inherited)",
				);
				GCC_WARN_64_TO_32_BIT_CONVERSION = YES;
				GCC_WARN_ABOUT_RETURN_TYPE = YES_ERROR;
				GCC_WARN_UNDECLARED_SELECTOR = YES;
				GCC_WARN_UNINITIALIZED_AUTOS = YES_AGGRESSIVE;
				GCC_WARN_UNUSED_FUNCTION = YES;
				GCC_WARN_UNUSED_VARIABLE = YES;
				IPHONEOS_DEPLOYMENT_TARGET = 13.0;
				MTL_ENABLE_DEBUG_INFO = INCLUDE_SOURCE;
				MTL_FAST_MATH = YES;
				ONLY_ACTIVE_ARCH = YES;
				SDKROOT = iphoneos;
				SWIFT_ACTIVE_COMPILATION_CONDITIONS = DEBUG;
				SWIFT_OPTIMIZATION_LEVEL = "-Onone";
			};
			name = Debug;
		};
		2089994122B2442800504BFE /* Release */ = {
			isa = XCBuildConfiguration;
			buildSettings = {
				ALWAYS_SEARCH_USER_PATHS = NO;
				CLANG_ANALYZER_NONNULL = YES;
				CLANG_ANALYZER_NUMBER_OBJECT_CONVERSION = YES_AGGRESSIVE;
				CLANG_CXX_LANGUAGE_STANDARD = "gnu++14";
				CLANG_CXX_LIBRARY = "libc++";
				CLANG_ENABLE_MODULES = YES;
				CLANG_ENABLE_OBJC_ARC = YES;
				CLANG_ENABLE_OBJC_WEAK = YES;
				CLANG_WARN_BLOCK_CAPTURE_AUTORELEASING = YES;
				CLANG_WARN_BOOL_CONVERSION = YES;
				CLANG_WARN_COMMA = YES;
				CLANG_WARN_CONSTANT_CONVERSION = YES;
				CLANG_WARN_DEPRECATED_OBJC_IMPLEMENTATIONS = YES;
				CLANG_WARN_DIRECT_OBJC_ISA_USAGE = YES_ERROR;
				CLANG_WARN_DOCUMENTATION_COMMENTS = YES;
				CLANG_WARN_EMPTY_BODY = YES;
				CLANG_WARN_ENUM_CONVERSION = YES;
				CLANG_WARN_INFINITE_RECURSION = YES;
				CLANG_WARN_INT_CONVERSION = YES;
				CLANG_WARN_NON_LITERAL_NULL_CONVERSION = YES;
				CLANG_WARN_OBJC_IMPLICIT_RETAIN_SELF = YES;
				CLANG_WARN_OBJC_LITERAL_CONVERSION = YES;
				CLANG_WARN_OBJC_ROOT_CLASS = YES_ERROR;
				CLANG_WARN_RANGE_LOOP_ANALYSIS = YES;
				CLANG_WARN_STRICT_PROTOTYPES = YES;
				CLANG_WARN_SUSPICIOUS_MOVE = YES;
				CLANG_WARN_UNGUARDED_AVAILABILITY = YES_AGGRESSIVE;
				CLANG_WARN_UNREACHABLE_CODE = YES;
				CLANG_WARN__DUPLICATE_METHOD_MATCH = YES;
				COPY_PHASE_STRIP = NO;
				DEBUG_INFORMATION_FORMAT = "dwarf-with-dsym";
				ENABLE_NS_ASSERTIONS = NO;
				ENABLE_STRICT_OBJC_MSGSEND = YES;
				GCC_C_LANGUAGE_STANDARD = gnu11;
				GCC_NO_COMMON_BLOCKS = YES;
				GCC_WARN_64_TO_32_BIT_CONVERSION = YES;
				GCC_WARN_ABOUT_RETURN_TYPE = YES_ERROR;
				GCC_WARN_UNDECLARED_SELECTOR = YES;
				GCC_WARN_UNINITIALIZED_AUTOS = YES_AGGRESSIVE;
				GCC_WARN_UNUSED_FUNCTION = YES;
				GCC_WARN_UNUSED_VARIABLE = YES;
				IPHONEOS_DEPLOYMENT_TARGET = 13.0;
				MTL_ENABLE_DEBUG_INFO = NO;
				MTL_FAST_MATH = YES;
				SDKROOT = iphoneos;
				SWIFT_COMPILATION_MODE = wholemodule;
				SWIFT_OPTIMIZATION_LEVEL = "-O";
				VALIDATE_PRODUCT = YES;
			};
			name = Release;
		};
		2089994322B2442800504BFE /* Debug */ = {
			isa = XCBuildConfiguration;
			buildSettings = {
				ASSETCATALOG_COMPILER_APPICON_NAME = AppIcon;
				CODE_SIGN_STYLE = Automatic;
				DEVELOPMENT_ASSET_PATHS = "SwiftUIExample/Preview\\ Content";
				ENABLE_PREVIEWS = YES;
				INFOPLIST_FILE = SwiftUIExample/Info.plist;
				LD_RUNPATH_SEARCH_PATHS = (
					"$(inherited)",
					"@executable_path/Frameworks",
				);
				PRODUCT_BUNDLE_IDENTIFIER = com.rahulrs0029.SwiftUIExample;
				PRODUCT_NAME = "$(TARGET_NAME)";
				SWIFT_VERSION = 5.0;
				TARGETED_DEVICE_FAMILY = "1,2";
			};
			name = Debug;
		};
		2089994422B2442800504BFE /* Release */ = {
			isa = XCBuildConfiguration;
			buildSettings = {
				ASSETCATALOG_COMPILER_APPICON_NAME = AppIcon;
				CODE_SIGN_STYLE = Automatic;
				DEVELOPMENT_ASSET_PATHS = "SwiftUIExample/Preview\\ Content";
				ENABLE_PREVIEWS = YES;
				INFOPLIST_FILE = SwiftUIExample/Info.plist;
				LD_RUNPATH_SEARCH_PATHS = (
					"$(inherited)",
					"@executable_path/Frameworks",
				);
				PRODUCT_BUNDLE_IDENTIFIER = com.rahulrs0029.SwiftUIExample;
				PRODUCT_NAME = "$(TARGET_NAME)";
				SWIFT_VERSION = 5.0;
				TARGETED_DEVICE_FAMILY = "1,2";
			};
			name = Release;
		};
/* End XCBuildConfiguration section */

/* Begin XCConfigurationList section */
		2089992922B2442600504BFE /* Build configuration list for PBXProject "SwiftUIExample" */ = {
			isa = XCConfigurationList;
			buildConfigurations = (
				2089994022B2442800504BFE /* Debug */,
				2089994122B2442800504BFE /* Release */,
			);
			defaultConfigurationIsVisible = 0;
			defaultConfigurationName = Release;
		};
		2089994222B2442800504BFE /* Build configuration list for PBXNativeTarget "SwiftUIExample" */ = {
			isa = XCConfigurationList;
			buildConfigurations = (
				2089994322B2442800504BFE /* Debug */,
				2089994422B2442800504BFE /* Release */,
			);
			defaultConfigurationIsVisible = 0;
			defaultConfigurationName = Release;
		};
/* End XCConfigurationList section */
	};
	rootObject = 2089992622B2442600504BFE /* Project object */;
}
